// !$*UTF8*$!
{
	archiveVersion = 1;
	classes = {
	};
	objectVersion = 55;
	objects = {

/* Begin PBXBuildFile section */
		0A5655A327E9B8F7007423D7 /* AppDelegate.swift in Sources */ = {isa = PBXBuildFile; fileRef = 0A5655A227E9B8F7007423D7 /* AppDelegate.swift */; };
		0A5655A527E9B8F7007423D7 /* SceneDelegate.swift in Sources */ = {isa = PBXBuildFile; fileRef = 0A5655A427E9B8F7007423D7 /* SceneDelegate.swift */; };
		0A5655A727E9B8F7007423D7 /* ViewController.swift in Sources */ = {isa = PBXBuildFile; fileRef = 0A5655A627E9B8F7007423D7 /* ViewController.swift */; };
		0A5655AA27E9B8F7007423D7 /* Main.storyboard in Resources */ = {isa = PBXBuildFile; fileRef = 0A5655A827E9B8F7007423D7 /* Main.storyboard */; };
		0A5655AC27E9B8F8007423D7 /* Assets.xcassets in Resources */ = {isa = PBXBuildFile; fileRef = 0A5655AB27E9B8F8007423D7 /* Assets.xcassets */; };
		0A5655AF27E9B8F8007423D7 /* LaunchScreen.storyboard in Resources */ = {isa = PBXBuildFile; fileRef = 0A5655AD27E9B8F8007423D7 /* LaunchScreen.storyboard */; };
		0A5655BA27E9B8F9007423D7 /* PropertyWrapperTests.swift in Sources */ = {isa = PBXBuildFile; fileRef = 0A5655B927E9B8F9007423D7 /* PropertyWrapperTests.swift */; };
		0A5655C427E9B8F9007423D7 /* PropertyWrapperUITests.swift in Sources */ = {isa = PBXBuildFile; fileRef = 0A5655C327E9B8F9007423D7 /* PropertyWrapperUITests.swift */; };
		0A5655C627E9B8F9007423D7 /* PropertyWrapperUITestsLaunchTests.swift in Sources */ = {isa = PBXBuildFile; fileRef = 0A5655C527E9B8F9007423D7 /* PropertyWrapperUITestsLaunchTests.swift */; };
		0A5655D327E9BA81007423D7 /* ViewModel.swift in Sources */ = {isa = PBXBuildFile; fileRef = 0A5655D227E9BA81007423D7 /* ViewModel.swift */; };
		0A5655D527E9BFC0007423D7 /* PropertyWrapers.swift in Sources */ = {isa = PBXBuildFile; fileRef = 0A5655D427E9BFC0007423D7 /* PropertyWrapers.swift */; };
/* End PBXBuildFile section */

/* Begin PBXContainerItemProxy section */
		0A5655B627E9B8F9007423D7 /* PBXContainerItemProxy */ = {
			isa = PBXContainerItemProxy;
			containerPortal = 0A56559727E9B8F7007423D7 /* Project object */;
			proxyType = 1;
			remoteGlobalIDString = 0A56559E27E9B8F7007423D7;
			remoteInfo = PropertyWrapper;
		};
		0A5655C027E9B8F9007423D7 /* PBXContainerItemProxy */ = {
			isa = PBXContainerItemProxy;
			containerPortal = 0A56559727E9B8F7007423D7 /* Project object */;
			proxyType = 1;
			remoteGlobalIDString = 0A56559E27E9B8F7007423D7;
			remoteInfo = PropertyWrapper;
		};
/* End PBXContainerItemProxy section */

/* Begin PBXFileReference section */
		0A56559F27E9B8F7007423D7 /* PropertyWrapper.app */ = {isa = PBXFileReference; explicitFileType = wrapper.application; includeInIndex = 0; path = PropertyWrapper.app; sourceTree = BUILT_PRODUCTS_DIR; };
		0A5655A227E9B8F7007423D7 /* AppDelegate.swift */ = {isa = PBXFileReference; lastKnownFileType = sourcecode.swift; path = AppDelegate.swift; sourceTree = "<group>"; };
		0A5655A427E9B8F7007423D7 /* SceneDelegate.swift */ = {isa = PBXFileReference; lastKnownFileType = sourcecode.swift; path = SceneDelegate.swift; sourceTree = "<group>"; };
		0A5655A627E9B8F7007423D7 /* ViewController.swift */ = {isa = PBXFileReference; lastKnownFileType = sourcecode.swift; path = ViewController.swift; sourceTree = "<group>"; };
		0A5655A927E9B8F7007423D7 /* Base */ = {isa = PBXFileReference; lastKnownFileType = file.storyboard; name = Base; path = Base.lproj/Main.storyboard; sourceTree = "<group>"; };
		0A5655AB27E9B8F8007423D7 /* Assets.xcassets */ = {isa = PBXFileReference; lastKnownFileType = folder.assetcatalog; path = Assets.xcassets; sourceTree = "<group>"; };
		0A5655AE27E9B8F8007423D7 /* Base */ = {isa = PBXFileReference; lastKnownFileType = file.storyboard; name = Base; path = Base.lproj/LaunchScreen.storyboard; sourceTree = "<group>"; };
		0A5655B027E9B8F8007423D7 /* Info.plist */ = {isa = PBXFileReference; lastKnownFileType = text.plist.xml; path = Info.plist; sourceTree = "<group>"; };
		0A5655B527E9B8F9007423D7 /* PropertyWrapperTests.xctest */ = {isa = PBXFileReference; explicitFileType = wrapper.cfbundle; includeInIndex = 0; path = PropertyWrapperTests.xctest; sourceTree = BUILT_PRODUCTS_DIR; };
		0A5655B927E9B8F9007423D7 /* PropertyWrapperTests.swift */ = {isa = PBXFileReference; lastKnownFileType = sourcecode.swift; path = PropertyWrapperTests.swift; sourceTree = "<group>"; };
		0A5655BF27E9B8F9007423D7 /* PropertyWrapperUITests.xctest */ = {isa = PBXFileReference; explicitFileType = wrapper.cfbundle; includeInIndex = 0; path = PropertyWrapperUITests.xctest; sourceTree = BUILT_PRODUCTS_DIR; };
		0A5655C327E9B8F9007423D7 /* PropertyWrapperUITests.swift */ = {isa = PBXFileReference; lastKnownFileType = sourcecode.swift; path = PropertyWrapperUITests.swift; sourceTree = "<group>"; };
		0A5655C527E9B8F9007423D7 /* PropertyWrapperUITestsLaunchTests.swift */ = {isa = PBXFileReference; lastKnownFileType = sourcecode.swift; path = PropertyWrapperUITestsLaunchTests.swift; sourceTree = "<group>"; };
		0A5655D227E9BA81007423D7 /* ViewModel.swift */ = {isa = PBXFileReference; lastKnownFileType = sourcecode.swift; path = ViewModel.swift; sourceTree = "<group>"; };
		0A5655D427E9BFC0007423D7 /* PropertyWrapers.swift */ = {isa = PBXFileReference; lastKnownFileType = sourcecode.swift; path = PropertyWrapers.swift; sourceTree = "<group>"; };
/* End PBXFileReference section */

/* Begin PBXFrameworksBuildPhase section */
		0A56559C27E9B8F7007423D7 /* Frameworks */ = {
			isa = PBXFrameworksBuildPhase;
			buildActionMask = 2147483647;
			files = (
			);
			runOnlyForDeploymentPostprocessing = 0;
		};
		0A5655B227E9B8F9007423D7 /* Frameworks */ = {
			isa = PBXFrameworksBuildPhase;
			buildActionMask = 2147483647;
			files = (
			);
			runOnlyForDeploymentPostprocessing = 0;
		};
		0A5655BC27E9B8F9007423D7 /* Frameworks */ = {
			isa = PBXFrameworksBuildPhase;
			buildActionMask = 2147483647;
			files = (
			);
			runOnlyForDeploymentPostprocessing = 0;
		};
/* End PBXFrameworksBuildPhase section */

/* Begin PBXGroup section */
		0A56559627E9B8F7007423D7 = {
			isa = PBXGroup;
			children = (
				0A5655A127E9B8F7007423D7 /* PropertyWrapper */,
				0A5655B827E9B8F9007423D7 /* PropertyWrapperTests */,
				0A5655C227E9B8F9007423D7 /* PropertyWrapperUITests */,
				0A5655A027E9B8F7007423D7 /* Products */,
			);
			sourceTree = "<group>";
		};
		0A5655A027E9B8F7007423D7 /* Products */ = {
			isa = PBXGroup;
			children = (
				0A56559F27E9B8F7007423D7 /* PropertyWrapper.app */,
				0A5655B527E9B8F9007423D7 /* PropertyWrapperTests.xctest */,
				0A5655BF27E9B8F9007423D7 /* PropertyWrapperUITests.xctest */,
			);
			name = Products;
			sourceTree = "<group>";
		};
		0A5655A127E9B8F7007423D7 /* PropertyWrapper */ = {
			isa = PBXGroup;
			children = (
				0A5655A227E9B8F7007423D7 /* AppDelegate.swift */,
				0A5655A427E9B8F7007423D7 /* SceneDelegate.swift */,
				0A5655A627E9B8F7007423D7 /* ViewController.swift */,
				0A5655A827E9B8F7007423D7 /* Main.storyboard */,
				0A5655AB27E9B8F8007423D7 /* Assets.xcassets */,
				0A5655AD27E9B8F8007423D7 /* LaunchScreen.storyboard */,
				0A5655B027E9B8F8007423D7 /* Info.plist */,
				0A5655D227E9BA81007423D7 /* ViewModel.swift */,
				0A5655D427E9BFC0007423D7 /* PropertyWrapers.swift */,
			);
			path = PropertyWrapper;
			sourceTree = "<group>";
		};
		0A5655B827E9B8F9007423D7 /* PropertyWrapperTests */ = {
			isa = PBXGroup;
			children = (
				0A5655B927E9B8F9007423D7 /* PropertyWrapperTests.swift */,
			);
			path = PropertyWrapperTests;
			sourceTree = "<group>";
		};
		0A5655C227E9B8F9007423D7 /* PropertyWrapperUITests */ = {
			isa = PBXGroup;
			children = (
				0A5655C327E9B8F9007423D7 /* PropertyWrapperUITests.swift */,
				0A5655C527E9B8F9007423D7 /* PropertyWrapperUITestsLaunchTests.swift */,
			);
			path = PropertyWrapperUITests;
			sourceTree = "<group>";
		};
/* End PBXGroup section */

/* Begin PBXNativeTarget section */
		0A56559E27E9B8F7007423D7 /* PropertyWrapper */ = {
			isa = PBXNativeTarget;
			buildConfigurationList = 0A5655C927E9B8F9007423D7 /* Build configuration list for PBXNativeTarget "PropertyWrapper" */;
			buildPhases = (
				0A56559B27E9B8F7007423D7 /* Sources */,
				0A56559C27E9B8F7007423D7 /* Frameworks */,
				0A56559D27E9B8F7007423D7 /* Resources */,
			);
			buildRules = (
			);
			dependencies = (
			);
			name = PropertyWrapper;
			productName = PropertyWrapper;
			productReference = 0A56559F27E9B8F7007423D7 /* PropertyWrapper.app */;
			productType = "com.apple.product-type.application";
		};
		0A5655B427E9B8F9007423D7 /* PropertyWrapperTests */ = {
			isa = PBXNativeTarget;
			buildConfigurationList = 0A5655CC27E9B8F9007423D7 /* Build configuration list for PBXNativeTarget "PropertyWrapperTests" */;
			buildPhases = (
				0A5655B127E9B8F9007423D7 /* Sources */,
				0A5655B227E9B8F9007423D7 /* Frameworks */,
				0A5655B327E9B8F9007423D7 /* Resources */,
			);
			buildRules = (
			);
			dependencies = (
				0A5655B727E9B8F9007423D7 /* PBXTargetDependency */,
			);
			name = PropertyWrapperTests;
			productName = PropertyWrapperTests;
			productReference = 0A5655B527E9B8F9007423D7 /* PropertyWrapperTests.xctest */;
			productType = "com.apple.product-type.bundle.unit-test";
		};
		0A5655BE27E9B8F9007423D7 /* PropertyWrapperUITests */ = {
			isa = PBXNativeTarget;
			buildConfigurationList = 0A5655CF27E9B8F9007423D7 /* Build configuration list for PBXNativeTarget "PropertyWrapperUITests" */;
			buildPhases = (
				0A5655BB27E9B8F9007423D7 /* Sources */,
				0A5655BC27E9B8F9007423D7 /* Frameworks */,
				0A5655BD27E9B8F9007423D7 /* Resources */,
			);
			buildRules = (
			);
			dependencies = (
				0A5655C127E9B8F9007423D7 /* PBXTargetDependency */,
			);
			name = PropertyWrapperUITests;
			productName = PropertyWrapperUITests;
			productReference = 0A5655BF27E9B8F9007423D7 /* PropertyWrapperUITests.xctest */;
			productType = "com.apple.product-type.bundle.ui-testing";
		};
/* End PBXNativeTarget section */

/* Begin PBXProject section */
		0A56559727E9B8F7007423D7 /* Project object */ = {
			isa = PBXProject;
			attributes = {
				BuildIndependentTargetsInParallel = 1;
				LastSwiftUpdateCheck = 1320;
				LastUpgradeCheck = 1320;
				TargetAttributes = {
					0A56559E27E9B8F7007423D7 = {
						CreatedOnToolsVersion = 13.2.1;
					};
					0A5655B427E9B8F9007423D7 = {
						CreatedOnToolsVersion = 13.2.1;
						TestTargetID = 0A56559E27E9B8F7007423D7;
					};
					0A5655BE27E9B8F9007423D7 = {
						CreatedOnToolsVersion = 13.2.1;
						TestTargetID = 0A56559E27E9B8F7007423D7;
					};
				};
			};
			buildConfigurationList = 0A56559A27E9B8F7007423D7 /* Build configuration list for PBXProject "PropertyWrapper" */;
			compatibilityVersion = "Xcode 13.0";
			developmentRegion = en;
			hasScannedForEncodings = 0;
			knownRegions = (
				en,
				Base,
			);
			mainGroup = 0A56559627E9B8F7007423D7;
			productRefGroup = 0A5655A027E9B8F7007423D7 /* Products */;
			projectDirPath = "";
			projectRoot = "";
			targets = (
				0A56559E27E9B8F7007423D7 /* PropertyWrapper */,
				0A5655B427E9B8F9007423D7 /* PropertyWrapperTests */,
				0A5655BE27E9B8F9007423D7 /* PropertyWrapperUITests */,
			);
		};
/* End PBXProject section */

/* Begin PBXResourcesBuildPhase section */
		0A56559D27E9B8F7007423D7 /* Resources */ = {
			isa = PBXResourcesBuildPhase;
			buildActionMask = 2147483647;
			files = (
				0A5655AF27E9B8F8007423D7 /* LaunchScreen.storyboard in Resources */,
				0A5655AC27E9B8F8007423D7 /* Assets.xcassets in Resources */,
				0A5655AA27E9B8F7007423D7 /* Main.storyboard in Resources */,
			);
			runOnlyForDeploymentPostprocessing = 0;
		};
		0A5655B327E9B8F9007423D7 /* Resources */ = {
			isa = PBXResourcesBuildPhase;
			buildActionMask = 2147483647;
			files = (
			);
			runOnlyForDeploymentPostprocessing = 0;
		};
		0A5655BD27E9B8F9007423D7 /* Resources */ = {
			isa = PBXResourcesBuildPhase;
			buildActionMask = 2147483647;
			files = (
			);
			runOnlyForDeploymentPostprocessing = 0;
		};
/* End PBXResourcesBuildPhase section */

/* Begin PBXSourcesBuildPhase section */
		0A56559B27E9B8F7007423D7 /* Sources */ = {
			isa = PBXSourcesBuildPhase;
			buildActionMask = 2147483647;
			files = (
				0A5655A727E9B8F7007423D7 /* ViewController.swift in Sources */,
				0A5655A327E9B8F7007423D7 /* AppDelegate.swift in Sources */,
				0A5655D527E9BFC0007423D7 /* PropertyWrapers.swift in Sources */,
				0A5655D327E9BA81007423D7 /* ViewModel.swift in Sources */,
				0A5655A527E9B8F7007423D7 /* SceneDelegate.swift in Sources */,
			);
			runOnlyForDeploymentPostprocessing = 0;
		};
		0A5655B127E9B8F9007423D7 /* Sources */ = {
			isa = PBXSourcesBuildPhase;
			buildActionMask = 2147483647;
			files = (
				0A5655BA27E9B8F9007423D7 /* PropertyWrapperTests.swift in Sources */,
			);
			runOnlyForDeploymentPostprocessing = 0;
		};
		0A5655BB27E9B8F9007423D7 /* Sources */ = {
			isa = PBXSourcesBuildPhase;
			buildActionMask = 2147483647;
			files = (
				0A5655C427E9B8F9007423D7 /* PropertyWrapperUITests.swift in Sources */,
				0A5655C627E9B8F9007423D7 /* PropertyWrapperUITestsLaunchTests.swift in Sources */,
			);
			runOnlyForDeploymentPostprocessing = 0;
		};
/* End PBXSourcesBuildPhase section */

/* Begin PBXTargetDependency section */
		0A5655B727E9B8F9007423D7 /* PBXTargetDependency */ = {
			isa = PBXTargetDependency;
			target = 0A56559E27E9B8F7007423D7 /* PropertyWrapper */;
			targetProxy = 0A5655B627E9B8F9007423D7 /* PBXContainerItemProxy */;
		};
		0A5655C127E9B8F9007423D7 /* PBXTargetDependency */ = {
			isa = PBXTargetDependency;
			target = 0A56559E27E9B8F7007423D7 /* PropertyWrapper */;
			targetProxy = 0A5655C027E9B8F9007423D7 /* PBXContainerItemProxy */;
		};
/* End PBXTargetDependency section */

/* Begin PBXVariantGroup section */
		0A5655A827E9B8F7007423D7 /* Main.storyboard */ = {
			isa = PBXVariantGroup;
			children = (
				0A5655A927E9B8F7007423D7 /* Base */,
			);
			name = Main.storyboard;
			sourceTree = "<group>";
		};
		0A5655AD27E9B8F8007423D7 /* LaunchScreen.storyboard */ = {
			isa = PBXVariantGroup;
			children = (
				0A5655AE27E9B8F8007423D7 /* Base */,
			);
			name = LaunchScreen.storyboard;
			sourceTree = "<group>";
		};
/* End PBXVariantGroup section */

/* Begin XCBuildConfiguration section */
		0A5655C727E9B8F9007423D7 /* Debug */ = {
			isa = XCBuildConfiguration;
			buildSettings = {
				ALWAYS_SEARCH_USER_PATHS = NO;
				CLANG_ANALYZER_NONNULL = YES;
				CLANG_ANALYZER_NUMBER_OBJECT_CONVERSION = YES_AGGRESSIVE;
				CLANG_CXX_LANGUAGE_STANDARD = "gnu++17";
				CLANG_CXX_LIBRARY = "libc++";
				CLANG_ENABLE_MODULES = YES;
				CLANG_ENABLE_OBJC_ARC = YES;
				CLANG_ENABLE_OBJC_WEAK = YES;
				CLANG_WARN_BLOCK_CAPTURE_AUTORELEASING = YES;
				CLANG_WARN_BOOL_CONVERSION = YES;
				CLANG_WARN_COMMA = YES;
				CLANG_WARN_CONSTANT_CONVERSION = YES;
				CLANG_WARN_DEPRECATED_OBJC_IMPLEMENTATIONS = YES;
				CLANG_WARN_DIRECT_OBJC_ISA_USAGE = YES_ERROR;
				CLANG_WARN_DOCUMENTATION_COMMENTS = YES;
				CLANG_WARN_EMPTY_BODY = YES;
				CLANG_WARN_ENUM_CONVERSION = YES;
				CLANG_WARN_INFINITE_RECURSION = YES;
				CLANG_WARN_INT_CONVERSION = YES;
				CLANG_WARN_NON_LITERAL_NULL_CONVERSION = YES;
				CLANG_WARN_OBJC_IMPLICIT_RETAIN_SELF = YES;
				CLANG_WARN_OBJC_LITERAL_CONVERSION = YES;
				CLANG_WARN_OBJC_ROOT_CLASS = YES_ERROR;
				CLANG_WARN_QUOTED_INCLUDE_IN_FRAMEWORK_HEADER = YES;
				CLANG_WARN_RANGE_LOOP_ANALYSIS = YES;
				CLANG_WARN_STRICT_PROTOTYPES = YES;
				CLANG_WARN_SUSPICIOUS_MOVE = YES;
				CLANG_WARN_UNGUARDED_AVAILABILITY = YES_AGGRESSIVE;
				CLANG_WARN_UNREACHABLE_CODE = YES;
				CLANG_WARN__DUPLICATE_METHOD_MATCH = YES;
				COPY_PHASE_STRIP = NO;
				DEBUG_INFORMATION_FORMAT = dwarf;
				ENABLE_STRICT_OBJC_MSGSEND = YES;
				ENABLE_TESTABILITY = YES;
				GCC_C_LANGUAGE_STANDARD = gnu11;
				GCC_DYNAMIC_NO_PIC = NO;
				GCC_NO_COMMON_BLOCKS = YES;
				GCC_OPTIMIZATION_LEVEL = 0;
				GCC_PREPROCESSOR_DEFINITIONS = (
					"DEBUG=1",
					"$(inherited)",
				);
				GCC_WARN_64_TO_32_BIT_CONVERSION = YES;
				GCC_WARN_ABOUT_RETURN_TYPE = YES_ERROR;
				GCC_WARN_UNDECLARED_SELECTOR = YES;
				GCC_WARN_UNINITIALIZED_AUTOS = YES_AGGRESSIVE;
				GCC_WARN_UNUSED_FUNCTION = YES;
				GCC_WARN_UNUSED_VARIABLE = YES;
				IPHONEOS_DEPLOYMENT_TARGET = 15.2;
				MTL_ENABLE_DEBUG_INFO = INCLUDE_SOURCE;
				MTL_FAST_MATH = YES;
				ONLY_ACTIVE_ARCH = YES;
				SDKROOT = iphoneos;
				SWIFT_ACTIVE_COMPILATION_CONDITIONS = DEBUG;
				SWIFT_OPTIMIZATION_LEVEL = "-Onone";
			};
			name = Debug;
		};
		0A5655C827E9B8F9007423D7 /* Release */ = {
			isa = XCBuildConfiguration;
			buildSettings = {
				ALWAYS_SEARCH_USER_PATHS = NO;
				CLANG_ANALYZER_NONNULL = YES;
				CLANG_ANALYZER_NUMBER_OBJECT_CONVERSION = YES_AGGRESSIVE;
				CLANG_CXX_LANGUAGE_STANDARD = "gnu++17";
				CLANG_CXX_LIBRARY = "libc++";
				CLANG_ENABLE_MODULES = YES;
				CLANG_ENABLE_OBJC_ARC = YES;
				CLANG_ENABLE_OBJC_WEAK = YES;
				CLANG_WARN_BLOCK_CAPTURE_AUTORELEASING = YES;
				CLANG_WARN_BOOL_CONVERSION = YES;
				CLANG_WARN_COMMA = YES;
				CLANG_WARN_CONSTANT_CONVERSION = YES;
				CLANG_WARN_DEPRECATED_OBJC_IMPLEMENTATIONS = YES;
				CLANG_WARN_DIRECT_OBJC_ISA_USAGE = YES_ERROR;
				CLANG_WARN_DOCUMENTATION_COMMENTS = YES;
				CLANG_WARN_EMPTY_BODY = YES;
				CLANG_WARN_ENUM_CONVERSION = YES;
				CLANG_WARN_INFINITE_RECURSION = YES;
				CLANG_WARN_INT_CONVERSION = YES;
				CLANG_WARN_NON_LITERAL_NULL_CONVERSION = YES;
				CLANG_WARN_OBJC_IMPLICIT_RETAIN_SELF = YES;
				CLANG_WARN_OBJC_LITERAL_CONVERSION = YES;
				CLANG_WARN_OBJC_ROOT_CLASS = YES_ERROR;
				CLANG_WARN_QUOTED_INCLUDE_IN_FRAMEWORK_HEADER = YES;
				CLANG_WARN_RANGE_LOOP_ANALYSIS = YES;
				CLANG_WARN_STRICT_PROTOTYPES = YES;
				CLANG_WARN_SUSPICIOUS_MOVE = YES;
				CLANG_WARN_UNGUARDED_AVAILABILITY = YES_AGGRESSIVE;
				CLANG_WARN_UNREACHABLE_CODE = YES;
				CLANG_WARN__DUPLICATE_METHOD_MATCH = YES;
				COPY_PHASE_STRIP = NO;
				DEBUG_INFORMATION_FORMAT = "dwarf-with-dsym";
				ENABLE_NS_ASSERTIONS = NO;
				ENABLE_STRICT_OBJC_MSGSEND = YES;
				GCC_C_LANGUAGE_STANDARD = gnu11;
				GCC_NO_COMMON_BLOCKS = YES;
				GCC_WARN_64_TO_32_BIT_CONVERSION = YES;
				GCC_WARN_ABOUT_RETURN_TYPE = YES_ERROR;
				GCC_WARN_UNDECLARED_SELECTOR = YES;
				GCC_WARN_UNINITIALIZED_AUTOS = YES_AGGRESSIVE;
				GCC_WARN_UNUSED_FUNCTION = YES;
				GCC_WARN_UNUSED_VARIABLE = YES;
				IPHONEOS_DEPLOYMENT_TARGET = 15.2;
				MTL_ENABLE_DEBUG_INFO = NO;
				MTL_FAST_MATH = YES;
				SDKROOT = iphoneos;
				SWIFT_COMPILATION_MODE = wholemodule;
				SWIFT_OPTIMIZATION_LEVEL = "-O";
				VALIDATE_PRODUCT = YES;
			};
			name = Release;
		};
		0A5655CA27E9B8F9007423D7 /* Debug */ = {
			isa = XCBuildConfiguration;
			buildSettings = {
				ASSETCATALOG_COMPILER_APPICON_NAME = AppIcon;
				ASSETCATALOG_COMPILER_GLOBAL_ACCENT_COLOR_NAME = AccentColor;
				CODE_SIGN_STYLE = Automatic;
				CURRENT_PROJECT_VERSION = 1;
				DEVELOPMENT_TEAM = VGW4QWQ3R5;
				GENERATE_INFOPLIST_FILE = YES;
				INFOPLIST_FILE = PropertyWrapper/Info.plist;
				INFOPLIST_KEY_UIApplicationSupportsIndirectInputEvents = YES;
				INFOPLIST_KEY_UILaunchStoryboardName = LaunchScreen;
				INFOPLIST_KEY_UIMainStoryboardFile = Main;
				INFOPLIST_KEY_UISupportedInterfaceOrientations_iPad = "UIInterfaceOrientationPortrait UIInterfaceOrientationPortraitUpsideDown UIInterfaceOrientationLandscapeLeft UIInterfaceOrientationLandscapeRight";
				INFOPLIST_KEY_UISupportedInterfaceOrientations_iPhone = "UIInterfaceOrientationPortrait UIInterfaceOrientationLandscapeLeft UIInterfaceOrientationLandscapeRight";
				LD_RUNPATH_SEARCH_PATHS = (
					"$(inherited)",
					"@executable_path/Frameworks",
				);
				MARKETING_VERSION = 1.0;
				PRODUCT_BUNDLE_IDENTIFIER = com.benjdum59.PropertyWrapper;
				PRODUCT_NAME = "$(TARGET_NAME)";
				SWIFT_EMIT_LOC_STRINGS = YES;
				SWIFT_VERSION = 5.0;
				TARGETED_DEVICE_FAMILY = "1,2";
			};
			name = Debug;
		};
		0A5655CB27E9B8F9007423D7 /* Release */ = {
			isa = XCBuildConfiguration;
			buildSettings = {
				ASSETCATALOG_COMPILER_APPICON_NAME = AppIcon;
				ASSETCATALOG_COMPILER_GLOBAL_ACCENT_COLOR_NAME = AccentColor;
				CODE_SIGN_STYLE = Automatic;
				CURRENT_PROJECT_VERSION = 1;
				DEVELOPMENT_TEAM = VGW4QWQ3R5;
				GENERATE_INFOPLIST_FILE = YES;
				INFOPLIST_FILE = PropertyWrapper/Info.plist;
				INFOPLIST_KEY_UIApplicationSupportsIndirectInputEvents = YES;
				INFOPLIST_KEY_UILaunchStoryboardName = LaunchScreen;
				INFOPLIST_KEY_UIMainStoryboardFile = Main;
				INFOPLIST_KEY_UISupportedInterfaceOrientations_iPad = "UIInterfaceOrientationPortrait UIInterfaceOrientationPortraitUpsideDown UIInterfaceOrientationLandscapeLeft UIInterfaceOrientationLandscapeRight";
				INFOPLIST_KEY_UISupportedInterfaceOrientations_iPhone = "UIInterfaceOrientationPortrait UIInterfaceOrientationLandscapeLeft UIInterfaceOrientationLandscapeRight";
				LD_RUNPATH_SEARCH_PATHS = (
					"$(inherited)",
					"@executable_path/Frameworks",
				);
				MARKETING_VERSION = 1.0;
				PRODUCT_BUNDLE_IDENTIFIER = com.benjdum59.PropertyWrapper;
				PRODUCT_NAME = "$(TARGET_NAME)";
				SWIFT_EMIT_LOC_STRINGS = YES;
				SWIFT_VERSION = 5.0;
				TARGETED_DEVICE_FAMILY = "1,2";
			};
			name = Release;
		};
		0A5655CD27E9B8F9007423D7 /* Debug */ = {
			isa = XCBuildConfiguration;
			buildSettings = {
				ALWAYS_EMBED_SWIFT_STANDARD_LIBRARIES = YES;
				BUNDLE_LOADER = "$(TEST_HOST)";
				CODE_SIGN_STYLE = Automatic;
				CURRENT_PROJECT_VERSION = 1;
				DEVELOPMENT_TEAM = VGW4QWQ3R5;
				GENERATE_INFOPLIST_FILE = YES;
				IPHONEOS_DEPLOYMENT_TARGET = 15.2;
				MARKETING_VERSION = 1.0;
				PRODUCT_BUNDLE_IDENTIFIER = com.benjdum59.PropertyWrapperTests;
				PRODUCT_NAME = "$(TARGET_NAME)";
				SWIFT_EMIT_LOC_STRINGS = NO;
				SWIFT_VERSION = 5.0;
				TARGETED_DEVICE_FAMILY = "1,2";
				TEST_HOST = "$(BUILT_PRODUCTS_DIR)/PropertyWrapper.app/PropertyWrapper";
			};
			name = Debug;
		};
		0A5655CE27E9B8F9007423D7 /* Release */ = {
			isa = XCBuildConfiguration;
			buildSettings = {
				ALWAYS_EMBED_SWIFT_STANDARD_LIBRARIES = YES;
				BUNDLE_LOADER = "$(TEST_HOST)";
				CODE_SIGN_STYLE = Automatic;
				CURRENT_PROJECT_VERSION = 1;
				DEVELOPMENT_TEAM = VGW4QWQ3R5;
				GENERATE_INFOPLIST_FILE = YES;
				IPHONEOS_DEPLOYMENT_TARGET = 15.2;
				MARKETING_VERSION = 1.0;
				PRODUCT_BUNDLE_IDENTIFIER = com.benjdum59.PropertyWrapperTests;
				PRODUCT_NAME = "$(TARGET_NAME)";
				SWIFT_EMIT_LOC_STRINGS = NO;
				SWIFT_VERSION = 5.0;
				TARGETED_DEVICE_FAMILY = "1,2";
				TEST_HOST = "$(BUILT_PRODUCTS_DIR)/PropertyWrapper.app/PropertyWrapper";
			};
			name = Release;
		};
		0A5655D027E9B8F9007423D7 /* Debug */ = {
			isa = XCBuildConfiguration;
			buildSettings = {
				ALWAYS_EMBED_SWIFT_STANDARD_LIBRARIES = YES;
				CODE_SIGN_STYLE = Automatic;
				CURRENT_PROJECT_VERSION = 1;
				DEVELOPMENT_TEAM = VGW4QWQ3R5;
				GENERATE_INFOPLIST_FILE = YES;
				MARKETING_VERSION = 1.0;
				PRODUCT_BUNDLE_IDENTIFIER = com.benjdum59.PropertyWrapperUITests;
				PRODUCT_NAME = "$(TARGET_NAME)";
				SWIFT_EMIT_LOC_STRINGS = NO;
				SWIFT_VERSION = 5.0;
				TARGETED_DEVICE_FAMILY = "1,2";
				TEST_TARGET_NAME = PropertyWrapper;
			};
			name = Debug;
		};
		0A5655D127E9B8F9007423D7 /* Release */ = {
			isa = XCBuildConfiguration;
			buildSettings = {
				ALWAYS_EMBED_SWIFT_STANDARD_LIBRARIES = YES;
				CODE_SIGN_STYLE = Automatic;
				CURRENT_PROJECT_VERSION = 1;
				DEVELOPMENT_TEAM = VGW4QWQ3R5;
				GENERATE_INFOPLIST_FILE = YES;
				MARKETING_VERSION = 1.0;
				PRODUCT_BUNDLE_IDENTIFIER = com.benjdum59.PropertyWrapperUITests;
				PRODUCT_NAME = "$(TARGET_NAME)";
				SWIFT_EMIT_LOC_STRINGS = NO;
				SWIFT_VERSION = 5.0;
				TARGETED_DEVICE_FAMILY = "1,2";
				TEST_TARGET_NAME = PropertyWrapper;
			};
			name = Release;
		};
/* End XCBuildConfiguration section */

/* Begin XCConfigurationList section */
		0A56559A27E9B8F7007423D7 /* Build configuration list for PBXProject "PropertyWrapper" */ = {
			isa = XCConfigurationList;
			buildConfigurations = (
				0A5655C727E9B8F9007423D7 /* Debug */,
				0A5655C827E9B8F9007423D7 /* Release */,
			);
			defaultConfigurationIsVisible = 0;
			defaultConfigurationName = Release;
		};
		0A5655C927E9B8F9007423D7 /* Build configuration list for PBXNativeTarget "PropertyWrapper" */ = {
			isa = XCConfigurationList;
			buildConfigurations = (
				0A5655CA27E9B8F9007423D7 /* Debug */,
				0A5655CB27E9B8F9007423D7 /* Release */,
			);
			defaultConfigurationIsVisible = 0;
			defaultConfigurationName = Release;
		};
		0A5655CC27E9B8F9007423D7 /* Build configuration list for PBXNativeTarget "PropertyWrapperTests" */ = {
			isa = XCConfigurationList;
			buildConfigurations = (
				0A5655CD27E9B8F9007423D7 /* Debug */,
				0A5655CE27E9B8F9007423D7 /* Release */,
			);
			defaultConfigurationIsVisible = 0;
			defaultConfigurationName = Release;
		};
		0A5655CF27E9B8F9007423D7 /* Build configuration list for PBXNativeTarget "PropertyWrapperUITests" */ = {
			isa = XCConfigurationList;
			buildConfigurations = (
				0A5655D027E9B8F9007423D7 /* Debug */,
				0A5655D127E9B8F9007423D7 /* Release */,
			);
			defaultConfigurationIsVisible = 0;
			defaultConfigurationName = Release;
		};
/* End XCConfigurationList section */
	};
	rootObject = 0A56559727E9B8F7007423D7 /* Project object */;
}
